// !$*UTF8*$!
{
	archiveVersion = 1;
	classes = {
	};
	objectVersion = 46;
	objects = {

/* Begin PBXBuildFile section */
		CBF169CA1E40D06900426708 /* AppDelegate.swift in Sources */ = {isa = PBXBuildFile; fileRef = CBF169C91E40D06900426708 /* AppDelegate.swift */; };
		CBF169CC1E40D06900426708 /* ViewController.swift in Sources */ = {isa = PBXBuildFile; fileRef = CBF169CB1E40D06900426708 /* ViewController.swift */; };
		CBF169CF1E40D06A00426708 /* Main.storyboard in Resources */ = {isa = PBXBuildFile; fileRef = CBF169CD1E40D06A00426708 /* Main.storyboard */; };
		CBF169D11E40D06A00426708 /* Assets.xcassets in Resources */ = {isa = PBXBuildFile; fileRef = CBF169D01E40D06A00426708 /* Assets.xcassets */; };
		CBF169D41E40D06A00426708 /* LaunchScreen.storyboard in Resources */ = {isa = PBXBuildFile; fileRef = CBF169D21E40D06A00426708 /* LaunchScreen.storyboard */; };
		CBF169DF1E40D06A00426708 /* PitchPerfectTests.swift in Sources */ = {isa = PBXBuildFile; fileRef = CBF169DE1E40D06A00426708 /* PitchPerfectTests.swift */; };
		CBF169EA1E40D06A00426708 /* PitchPerfectUITests.swift in Sources */ = {isa = PBXBuildFile; fileRef = CBF169E91E40D06A00426708 /* PitchPerfectUITests.swift */; };
/* End PBXBuildFile section */

/* Begin PBXContainerItemProxy section */
		CBF169DB1E40D06A00426708 /* PBXContainerItemProxy */ = {
			isa = PBXContainerItemProxy;
			containerPortal = CBF169BE1E40D06900426708 /* Project object */;
			proxyType = 1;
			remoteGlobalIDString = CBF169C51E40D06900426708;
			remoteInfo = PitchPerfect;
		};
		CBF169E61E40D06A00426708 /* PBXContainerItemProxy */ = {
			isa = PBXContainerItemProxy;
			containerPortal = CBF169BE1E40D06900426708 /* Project object */;
			proxyType = 1;
			remoteGlobalIDString = CBF169C51E40D06900426708;
			remoteInfo = PitchPerfect;
		};
/* End PBXContainerItemProxy section */

/* Begin PBXFileReference section */
		CBF169C61E40D06900426708 /* PitchPerfect.app */ = {isa = PBXFileReference; explicitFileType = wrapper.application; includeInIndex = 0; path = PitchPerfect.app; sourceTree = BUILT_PRODUCTS_DIR; };
		CBF169C91E40D06900426708 /* AppDelegate.swift */ = {isa = PBXFileReference; lastKnownFileType = sourcecode.swift; path = AppDelegate.swift; sourceTree = "<group>"; };
		CBF169CB1E40D06900426708 /* ViewController.swift */ = {isa = PBXFileReference; lastKnownFileType = sourcecode.swift; path = ViewController.swift; sourceTree = "<group>"; };
		CBF169CE1E40D06A00426708 /* Base */ = {isa = PBXFileReference; lastKnownFileType = file.storyboard; name = Base; path = Base.lproj/Main.storyboard; sourceTree = "<group>"; };
		CBF169D01E40D06A00426708 /* Assets.xcassets */ = {isa = PBXFileReference; lastKnownFileType = folder.assetcatalog; path = Assets.xcassets; sourceTree = "<group>"; };
		CBF169D31E40D06A00426708 /* Base */ = {isa = PBXFileReference; lastKnownFileType = file.storyboard; name = Base; path = Base.lproj/LaunchScreen.storyboard; sourceTree = "<group>"; };
		CBF169D51E40D06A00426708 /* Info.plist */ = {isa = PBXFileReference; lastKnownFileType = text.plist.xml; path = Info.plist; sourceTree = "<group>"; };
		CBF169DA1E40D06A00426708 /* PitchPerfectTests.xctest */ = {isa = PBXFileReference; explicitFileType = wrapper.cfbundle; includeInIndex = 0; path = PitchPerfectTests.xctest; sourceTree = BUILT_PRODUCTS_DIR; };
		CBF169DE1E40D06A00426708 /* PitchPerfectTests.swift */ = {isa = PBXFileReference; lastKnownFileType = sourcecode.swift; path = PitchPerfectTests.swift; sourceTree = "<group>"; };
		CBF169E01E40D06A00426708 /* Info.plist */ = {isa = PBXFileReference; lastKnownFileType = text.plist.xml; path = Info.plist; sourceTree = "<group>"; };
		CBF169E51E40D06A00426708 /* PitchPerfectUITests.xctest */ = {isa = PBXFileReference; explicitFileType = wrapper.cfbundle; includeInIndex = 0; path = PitchPerfectUITests.xctest; sourceTree = BUILT_PRODUCTS_DIR; };
		CBF169E91E40D06A00426708 /* PitchPerfectUITests.swift */ = {isa = PBXFileReference; lastKnownFileType = sourcecode.swift; path = PitchPerfectUITests.swift; sourceTree = "<group>"; };
		CBF169EB1E40D06A00426708 /* Info.plist */ = {isa = PBXFileReference; lastKnownFileType = text.plist.xml; path = Info.plist; sourceTree = "<group>"; };
/* End PBXFileReference section */

/* Begin PBXFrameworksBuildPhase section */
		CBF169C31E40D06900426708 /* Frameworks */ = {
			isa = PBXFrameworksBuildPhase;
			buildActionMask = 2147483647;
			files = (
			);
			runOnlyForDeploymentPostprocessing = 0;
		};
		CBF169D71E40D06A00426708 /* Frameworks */ = {
			isa = PBXFrameworksBuildPhase;
			buildActionMask = 2147483647;
			files = (
			);
			runOnlyForDeploymentPostprocessing = 0;
		};
		CBF169E21E40D06A00426708 /* Frameworks */ = {
			isa = PBXFrameworksBuildPhase;
			buildActionMask = 2147483647;
			files = (
			);
			runOnlyForDeploymentPostprocessing = 0;
		};
/* End PBXFrameworksBuildPhase section */

/* Begin PBXGroup section */
		CBF169BD1E40D06900426708 = {
			isa = PBXGroup;
			children = (
				CBF169C81E40D06900426708 /* PitchPerfect */,
				CBF169DD1E40D06A00426708 /* PitchPerfectTests */,
				CBF169E81E40D06A00426708 /* PitchPerfectUITests */,
				CBF169C71E40D06900426708 /* Products */,
			);
			sourceTree = "<group>";
		};
		CBF169C71E40D06900426708 /* Products */ = {
			isa = PBXGroup;
			children = (
				CBF169C61E40D06900426708 /* PitchPerfect.app */,
				CBF169DA1E40D06A00426708 /* PitchPerfectTests.xctest */,
				CBF169E51E40D06A00426708 /* PitchPerfectUITests.xctest */,
			);
			name = Products;
			sourceTree = "<group>";
		};
		CBF169C81E40D06900426708 /* PitchPerfect */ = {
			isa = PBXGroup;
			children = (
				CBF169C91E40D06900426708 /* AppDelegate.swift */,
				CBF169CB1E40D06900426708 /* ViewController.swift */,
				CBF169CD1E40D06A00426708 /* Main.storyboard */,
				CBF169D01E40D06A00426708 /* Assets.xcassets */,
				CBF169D21E40D06A00426708 /* LaunchScreen.storyboard */,
				CBF169D51E40D06A00426708 /* Info.plist */,
			);
			path = PitchPerfect;
			sourceTree = "<group>";
		};
		CBF169DD1E40D06A00426708 /* PitchPerfectTests */ = {
			isa = PBXGroup;
			children = (
				CBF169DE1E40D06A00426708 /* PitchPerfectTests.swift */,
				CBF169E01E40D06A00426708 /* Info.plist */,
			);
			path = PitchPerfectTests;
			sourceTree = "<group>";
		};
		CBF169E81E40D06A00426708 /* PitchPerfectUITests */ = {
			isa = PBXGroup;
			children = (
				CBF169E91E40D06A00426708 /* PitchPerfectUITests.swift */,
				CBF169EB1E40D06A00426708 /* Info.plist */,
			);
			path = PitchPerfectUITests;
			sourceTree = "<group>";
		};
/* End PBXGroup section */

/* Begin PBXNativeTarget section */
		CBF169C51E40D06900426708 /* PitchPerfect */ = {
			isa = PBXNativeTarget;
			buildConfigurationList = CBF169EE1E40D06A00426708 /* Build configuration list for PBXNativeTarget "PitchPerfect" */;
			buildPhases = (
				CBF169C21E40D06900426708 /* Sources */,
				CBF169C31E40D06900426708 /* Frameworks */,
				CBF169C41E40D06900426708 /* Resources */,
			);
			buildRules = (
			);
			dependencies = (
			);
			name = PitchPerfect;
			productName = PitchPerfect;
			productReference = CBF169C61E40D06900426708 /* PitchPerfect.app */;
			productType = "com.apple.product-type.application";
		};
		CBF169D91E40D06A00426708 /* PitchPerfectTests */ = {
			isa = PBXNativeTarget;
			buildConfigurationList = CBF169F11E40D06A00426708 /* Build configuration list for PBXNativeTarget "PitchPerfectTests" */;
			buildPhases = (
				CBF169D61E40D06A00426708 /* Sources */,
				CBF169D71E40D06A00426708 /* Frameworks */,
				CBF169D81E40D06A00426708 /* Resources */,
			);
			buildRules = (
			);
			dependencies = (
				CBF169DC1E40D06A00426708 /* PBXTargetDependency */,
			);
			name = PitchPerfectTests;
			productName = PitchPerfectTests;
			productReference = CBF169DA1E40D06A00426708 /* PitchPerfectTests.xctest */;
			productType = "com.apple.product-type.bundle.unit-test";
		};
		CBF169E41E40D06A00426708 /* PitchPerfectUITests */ = {
			isa = PBXNativeTarget;
			buildConfigurationList = CBF169F41E40D06A00426708 /* Build configuration list for PBXNativeTarget "PitchPerfectUITests" */;
			buildPhases = (
				CBF169E11E40D06A00426708 /* Sources */,
				CBF169E21E40D06A00426708 /* Frameworks */,
				CBF169E31E40D06A00426708 /* Resources */,
			);
			buildRules = (
			);
			dependencies = (
				CBF169E71E40D06A00426708 /* PBXTargetDependency */,
			);
			name = PitchPerfectUITests;
			productName = PitchPerfectUITests;
			productReference = CBF169E51E40D06A00426708 /* PitchPerfectUITests.xctest */;
			productType = "com.apple.product-type.bundle.ui-testing";
		};
/* End PBXNativeTarget section */

/* Begin PBXProject section */
		CBF169BE1E40D06900426708 /* Project object */ = {
			isa = PBXProject;
			attributes = {
				LastSwiftUpdateCheck = 0820;
				LastUpgradeCheck = 0820;
				ORGANIZATIONNAME = "Harsh Wadhwa";
				TargetAttributes = {
					CBF169C51E40D06900426708 = {
						CreatedOnToolsVersion = 8.2.1;
						ProvisioningStyle = Automatic;
					};
					CBF169D91E40D06A00426708 = {
						CreatedOnToolsVersion = 8.2.1;
						ProvisioningStyle = Automatic;
						TestTargetID = CBF169C51E40D06900426708;
					};
					CBF169E41E40D06A00426708 = {
						CreatedOnToolsVersion = 8.2.1;
						ProvisioningStyle = Automatic;
						TestTargetID = CBF169C51E40D06900426708;
					};
				};
			};
			buildConfigurationList = CBF169C11E40D06900426708 /* Build configuration list for PBXProject "PitchPerfect" */;
			compatibilityVersion = "Xcode 3.2";
			developmentRegion = English;
			hasScannedForEncodings = 0;
			knownRegions = (
				en,
				Base,
			);
			mainGroup = CBF169BD1E40D06900426708;
			productRefGroup = CBF169C71E40D06900426708 /* Products */;
			projectDirPath = "";
			projectRoot = "";
			targets = (
				CBF169C51E40D06900426708 /* PitchPerfect */,
				CBF169D91E40D06A00426708 /* PitchPerfectTests */,
				CBF169E41E40D06A00426708 /* PitchPerfectUITests */,
			);
		};
/* End PBXProject section */

/* Begin PBXResourcesBuildPhase section */
		CBF169C41E40D06900426708 /* Resources */ = {
			isa = PBXResourcesBuildPhase;
			buildActionMask = 2147483647;
			files = (
				CBF169D41E40D06A00426708 /* LaunchScreen.storyboard in Resources */,
				CBF169D11E40D06A00426708 /* Assets.xcassets in Resources */,
				CBF169CF1E40D06A00426708 /* Main.storyboard in Resources */,
			);
			runOnlyForDeploymentPostprocessing = 0;
		};
		CBF169D81E40D06A00426708 /* Resources */ = {
			isa = PBXResourcesBuildPhase;
			buildActionMask = 2147483647;
			files = (
			);
			runOnlyForDeploymentPostprocessing = 0;
		};
		CBF169E31E40D06A00426708 /* Resources */ = {
			isa = PBXResourcesBuildPhase;
			buildActionMask = 2147483647;
			files = (
			);
			runOnlyForDeploymentPostprocessing = 0;
		};
/* End PBXResourcesBuildPhase section */

/* Begin PBXSourcesBuildPhase section */
		CBF169C21E40D06900426708 /* Sources */ = {
			isa = PBXSourcesBuildPhase;
			buildActionMask = 2147483647;
			files = (
				CBF169CC1E40D06900426708 /* ViewController.swift in Sources */,
				CBF169CA1E40D06900426708 /* AppDelegate.swift in Sources */,
			);
			runOnlyForDeploymentPostprocessing = 0;
		};
		CBF169D61E40D06A00426708 /* Sources */ = {
			isa = PBXSourcesBuildPhase;
			buildActionMask = 2147483647;
			files = (
				CBF169DF1E40D06A00426708 /* PitchPerfectTests.swift in Sources */,
			);
			runOnlyForDeploymentPostprocessing = 0;
		};
		CBF169E11E40D06A00426708 /* Sources */ = {
			isa = PBXSourcesBuildPhase;
			buildActionMask = 2147483647;
			files = (
				CBF169EA1E40D06A00426708 /* PitchPerfectUITests.swift in Sources */,
			);
			runOnlyForDeploymentPostprocessing = 0;
		};
/* End PBXSourcesBuildPhase section */

/* Begin PBXTargetDependency section */
		CBF169DC1E40D06A00426708 /* PBXTargetDependency */ = {
			isa = PBXTargetDependency;
			target = CBF169C51E40D06900426708 /* PitchPerfect */;
			targetProxy = CBF169DB1E40D06A00426708 /* PBXContainerItemProxy */;
		};
		CBF169E71E40D06A00426708 /* PBXTargetDependency */ = {
			isa = PBXTargetDependency;
			target = CBF169C51E40D06900426708 /* PitchPerfect */;
			targetProxy = CBF169E61E40D06A00426708 /* PBXContainerItemProxy */;
		};
/* End PBXTargetDependency section */

/* Begin PBXVariantGroup section */
		CBF169CD1E40D06A00426708 /* Main.storyboard */ = {
			isa = PBXVariantGroup;
			children = (
				CBF169CE1E40D06A00426708 /* Base */,
			);
			name = Main.storyboard;
			sourceTree = "<group>";
		};
		CBF169D21E40D06A00426708 /* LaunchScreen.storyboard */ = {
			isa = PBXVariantGroup;
			children = (
				CBF169D31E40D06A00426708 /* Base */,
			);
			name = LaunchScreen.storyboard;
			sourceTree = "<group>";
		};
/* End PBXVariantGroup section */

/* Begin XCBuildConfiguration section */
		CBF169EC1E40D06A00426708 /* Debug */ = {
			isa = XCBuildConfiguration;
			buildSettings = {
				ALWAYS_SEARCH_USER_PATHS = NO;
				CLANG_ANALYZER_NONNULL = YES;
				CLANG_CXX_LANGUAGE_STANDARD = "gnu++0x";
				CLANG_CXX_LIBRARY = "libc++";
				CLANG_ENABLE_MODULES = YES;
				CLANG_ENABLE_OBJC_ARC = YES;
				CLANG_WARN_BOOL_CONVERSION = YES;
				CLANG_WARN_CONSTANT_CONVERSION = YES;
				CLANG_WARN_DIRECT_OBJC_ISA_USAGE = YES_ERROR;
				CLANG_WARN_DOCUMENTATION_COMMENTS = YES;
				CLANG_WARN_EMPTY_BODY = YES;
				CLANG_WARN_ENUM_CONVERSION = YES;
				CLANG_WARN_INFINITE_RECURSION = YES;
				CLANG_WARN_INT_CONVERSION = YES;
				CLANG_WARN_OBJC_ROOT_CLASS = YES_ERROR;
				CLANG_WARN_SUSPICIOUS_MOVE = YES;
				CLANG_WARN_UNREACHABLE_CODE = YES;
				CLANG_WARN__DUPLICATE_METHOD_MATCH = YES;
				"CODE_SIGN_IDENTITY[sdk=iphoneos*]" = "iPhone Developer";
				COPY_PHASE_STRIP = NO;
				DEBUG_INFORMATION_FORMAT = dwarf;
				ENABLE_STRICT_OBJC_MSGSEND = YES;
				ENABLE_TESTABILITY = YES;
				GCC_C_LANGUAGE_STANDARD = gnu99;
				GCC_DYNAMIC_NO_PIC = NO;
				GCC_NO_COMMON_BLOCKS = YES;
				GCC_OPTIMIZATION_LEVEL = 0;
				GCC_PREPROCESSOR_DEFINITIONS = (
					"DEBUG=1",
					"$(inherited)",
				);
				GCC_WARN_64_TO_32_BIT_CONVERSION = YES;
				GCC_WARN_ABOUT_RETURN_TYPE = YES_ERROR;
				GCC_WARN_UNDECLARED_SELECTOR = YES;
				GCC_WARN_UNINITIALIZED_AUTOS = YES_AGGRESSIVE;
				GCC_WARN_UNUSED_FUNCTION = YES;
				GCC_WARN_UNUSED_VARIABLE = YES;
				IPHONEOS_DEPLOYMENT_TARGET = 10.2;
				MTL_ENABLE_DEBUG_INFO = YES;
				ONLY_ACTIVE_ARCH = YES;
				SDKROOT = iphoneos;
				SWIFT_ACTIVE_COMPILATION_CONDITIONS = DEBUG;
				SWIFT_OPTIMIZATION_LEVEL = "-Onone";
				TARGETED_DEVICE_FAMILY = "1,2";
			};
			name = Debug;
		};
		CBF169ED1E40D06A00426708 /* Release */ = {
			isa = XCBuildConfiguration;
			buildSettings = {
				ALWAYS_SEARCH_USER_PATHS = NO;
				CLANG_ANALYZER_NONNULL = YES;
				CLANG_CXX_LANGUAGE_STANDARD = "gnu++0x";
				CLANG_CXX_LIBRARY = "libc++";
				CLANG_ENABLE_MODULES = YES;
				CLANG_ENABLE_OBJC_ARC = YES;
				CLANG_WARN_BOOL_CONVERSION = YES;
				CLANG_WARN_CONSTANT_CONVERSION = YES;
				CLANG_WARN_DIRECT_OBJC_ISA_USAGE = YES_ERROR;
				CLANG_WARN_DOCUMENTATION_COMMENTS = YES;
				CLANG_WARN_EMPTY_BODY = YES;
				CLANG_WARN_ENUM_CONVERSION = YES;
				CLANG_WARN_INFINITE_RECURSION = YES;
				CLANG_WARN_INT_CONVERSION = YES;
				CLANG_WARN_OBJC_ROOT_CLASS = YES_ERROR;
				CLANG_WARN_SUSPICIOUS_MOVE = YES;
				CLANG_WARN_UNREACHABLE_CODE = YES;
				CLANG_WARN__DUPLICATE_METHOD_MATCH = YES;
				"CODE_SIGN_IDENTITY[sdk=iphoneos*]" = "iPhone Developer";
				COPY_PHASE_STRIP = NO;
				DEBUG_INFORMATION_FORMAT = "dwarf-with-dsym";
				ENABLE_NS_ASSERTIONS = NO;
				ENABLE_STRICT_OBJC_MSGSEND = YES;
				GCC_C_LANGUAGE_STANDARD = gnu99;
				GCC_NO_COMMON_BLOCKS = YES;
				GCC_WARN_64_TO_32_BIT_CONVERSION = YES;
				GCC_WARN_ABOUT_RETURN_TYPE = YES_ERROR;
				GCC_WARN_UNDECLARED_SELECTOR = YES;
				GCC_WARN_UNINITIALIZED_AUTOS = YES_AGGRESSIVE;
				GCC_WARN_UNUSED_FUNCTION = YES;
				GCC_WARN_UNUSED_VARIABLE = YES;
				IPHONEOS_DEPLOYMENT_TARGET = 10.2;
				MTL_ENABLE_DEBUG_INFO = NO;
				SDKROOT = iphoneos;
				SWIFT_OPTIMIZATION_LEVEL = "-Owholemodule";
				TARGETED_DEVICE_FAMILY = "1,2";
				VALIDATE_PRODUCT = YES;
			};
			name = Release;
		};
		CBF169EF1E40D06A00426708 /* Debug */ = {
			isa = XCBuildConfiguration;
			buildSettings = {
				ASSETCATALOG_COMPILER_APPICON_NAME = AppIcon;
				INFOPLIST_FILE = PitchPerfect/Info.plist;
				LD_RUNPATH_SEARCH_PATHS = "$(inherited) @executable_path/Frameworks";
				PRODUCT_BUNDLE_IDENTIFIER = iemharsh.PitchPerfect;
				PRODUCT_NAME = "$(TARGET_NAME)";
				SWIFT_VERSION = 3.0;
			};
			name = Debug;
		};
		CBF169F01E40D06A00426708 /* Release */ = {
			isa = XCBuildConfiguration;
			buildSettings = {
				ASSETCATALOG_COMPILER_APPICON_NAME = AppIcon;
				INFOPLIST_FILE = PitchPerfect/Info.plist;
				LD_RUNPATH_SEARCH_PATHS = "$(inherited) @executable_path/Frameworks";
				PRODUCT_BUNDLE_IDENTIFIER = iemharsh.PitchPerfect;
				PRODUCT_NAME = "$(TARGET_NAME)";
				SWIFT_VERSION = 3.0;
			};
			name = Release;
		};
		CBF169F21E40D06A00426708 /* Debug */ = {
			isa = XCBuildConfiguration;
			buildSettings = {
				ALWAYS_EMBED_SWIFT_STANDARD_LIBRARIES = YES;
				BUNDLE_LOADER = "$(TEST_HOST)";
				INFOPLIST_FILE = PitchPerfectTests/Info.plist;
				LD_RUNPATH_SEARCH_PATHS = "$(inherited) @executable_path/Frameworks @loader_path/Frameworks";
				PRODUCT_BUNDLE_IDENTIFIER = iemharsh.PitchPerfectTests;
				PRODUCT_NAME = "$(TARGET_NAME)";
				SWIFT_VERSION = 3.0;
				TEST_HOST = "$(BUILT_PRODUCTS_DIR)/PitchPerfect.app/PitchPerfect";
			};
			name = Debug;
		};
		CBF169F31E40D06A00426708 /* Release */ = {
			isa = XCBuildConfiguration;
			buildSettings = {
				ALWAYS_EMBED_SWIFT_STANDARD_LIBRARIES = YES;
				BUNDLE_LOADER = "$(TEST_HOST)";
				INFOPLIST_FILE = PitchPerfectTests/Info.plist;
				LD_RUNPATH_SEARCH_PATHS = "$(inherited) @executable_path/Frameworks @loader_path/Frameworks";
				PRODUCT_BUNDLE_IDENTIFIER = iemharsh.PitchPerfectTests;
				PRODUCT_NAME = "$(TARGET_NAME)";
				SWIFT_VERSION = 3.0;
				TEST_HOST = "$(BUILT_PRODUCTS_DIR)/PitchPerfect.app/PitchPerfect";
			};
			name = Release;
		};
		CBF169F51E40D06A00426708 /* Debug */ = {
			isa = XCBuildConfiguration;
			buildSettings = {
				ALWAYS_EMBED_SWIFT_STANDARD_LIBRARIES = YES;
				INFOPLIST_FILE = PitchPerfectUITests/Info.plist;
				LD_RUNPATH_SEARCH_PATHS = "$(inherited) @executable_path/Frameworks @loader_path/Frameworks";
				PRODUCT_BUNDLE_IDENTIFIER = iemharsh.PitchPerfectUITests;
				PRODUCT_NAME = "$(TARGET_NAME)";
				SWIFT_VERSION = 3.0;
				TEST_TARGET_NAME = PitchPerfect;
			};
			name = Debug;
		};
		CBF169F61E40D06A00426708 /* Release */ = {
			isa = XCBuildConfiguration;
			buildSettings = {
				ALWAYS_EMBED_SWIFT_STANDARD_LIBRARIES = YES;
				INFOPLIST_FILE = PitchPerfectUITests/Info.plist;
				LD_RUNPATH_SEARCH_PATHS = "$(inherited) @executable_path/Frameworks @loader_path/Frameworks";
				PRODUCT_BUNDLE_IDENTIFIER = iemharsh.PitchPerfectUITests;
				PRODUCT_NAME = "$(TARGET_NAME)";
				SWIFT_VERSION = 3.0;
				TEST_TARGET_NAME = PitchPerfect;
			};
			name = Release;
		};
/* End XCBuildConfiguration section */

/* Begin XCConfigurationList section */
		CBF169C11E40D06900426708 /* Build configuration list for PBXProject "PitchPerfect" */ = {
			isa = XCConfigurationList;
			buildConfigurations = (
				CBF169EC1E40D06A00426708 /* Debug */,
				CBF169ED1E40D06A00426708 /* Release */,
			);
			defaultConfigurationIsVisible = 0;
			defaultConfigurationName = Release;
		};
		CBF169EE1E40D06A00426708 /* Build configuration list for PBXNativeTarget "PitchPerfect" */ = {
			isa = XCConfigurationList;
			buildConfigurations = (
				CBF169EF1E40D06A00426708 /* Debug */,
				CBF169F01E40D06A00426708 /* Release */,
			);
			defaultConfigurationIsVisible = 0;
		};
		CBF169F11E40D06A00426708 /* Build configuration list for PBXNativeTarget "PitchPerfectTests" */ = {
			isa = XCConfigurationList;
			buildConfigurations = (
				CBF169F21E40D06A00426708 /* Debug */,
				CBF169F31E40D06A00426708 /* Release */,
			);
			defaultConfigurationIsVisible = 0;
		};
		CBF169F41E40D06A00426708 /* Build configuration list for PBXNativeTarget "PitchPerfectUITests" */ = {
			isa = XCConfigurationList;
			buildConfigurations = (
				CBF169F51E40D06A00426708 /* Debug */,
				CBF169F61E40D06A00426708 /* Release */,
			);
			defaultConfigurationIsVisible = 0;
		};
/* End XCConfigurationList section */
	};
	rootObject = CBF169BE1E40D06900426708 /* Project object */;
}
